# This file is automatically @generated by Cargo.
# It is not intended for manual editing.
version = 4

[[package]]
name = "allocator-api2"
version = "0.2.21"
source = "registry+https://github.com/rust-lang/crates.io-index"
checksum = "683d7910e743518b0e34f1186f92494becacb047c7b6bf616c96772180fef923"

[[package]]
name = "bumpalo"
version = "3.19.0"
source = "registry+https://github.com/rust-lang/crates.io-index"
checksum = "46c5e41b57b8bba42a04676d81cb89e9ee8e859a1a66f80a5a72e1cb76b34d43"
dependencies = [
 "allocator-api2",
]

[[package]]
name = "hashbrown"
version = "0.16.0"
source = "registry+https://github.com/rust-lang/crates.io-index"
checksum = "5419bdc4f6a9207fbeba6d11b604d481addf78ecd10c11ad51e76c2f6482748d"
dependencies = [
 "allocator-api2",
]

[[package]]
name = "oxc_allocator"
version = "0.86.0"
dependencies = [
 "allocator-api2",
 "bumpalo",
 "hashbrown",
 "oxc_data_structures",
 "rustc-hash",
]

[[package]]
name = "oxc_data_structures"
version = "0.86.0"

[[package]]
name = "oxc_learning_examples"
version = "0.1.0"
dependencies = [
 "oxc_allocator",
 "oxc_data_structures",
]

[[package]]
name = "rustc-hash"
version = "2.1.1"
source = "registry+https://github.com/rust-lang/crates.io-index"
checksum = "357703d41365b4b27c590e3ed91eabb1b663f07c4c084095e60cbed4362dff0d"
